
Microsoft Visual Studio Solution File, Format Version 12.00
# Visual Studio Version 16
VisualStudioVersion = 16.0.31729.503
MinimumVisualStudioVersion = 10.0.40219.1
Project("{888888A0-9F3D-457C-B088-3A5042F75D52}") = "daka", "daka.pyproj", "{950C46E6-A322-4B8E-B122-FC970BA7DA45}"
EndProject
Global
	GlobalSection(SolutionConfigurationPlatforms) = preSolution
		Debug|Any CPU = Debug|Any CPU
		Release|Any CPU = Release|Any CPU
	EndGlobalSection
	GlobalSection(ProjectConfigurationPlatforms) = postSolution
		{950C46E6-A322-4B8E-B122-FC970BA7DA45}.Debug|Any CPU.ActiveCfg = Debug|Any CPU
		{950C46E6-A322-4B8E-B122-FC970BA7DA45}.Release|Any CPU.ActiveCfg = Release|Any CPU
	EndGlobalSection
	GlobalSection(SolutionProperties) = preSolution
		HideSolutionNode = FALSE
	EndGlobalSection
	GlobalSection(ExtensibilityGlobals) = postSolution
		SolutionGuid = {EDDE118E-1BEB-49D4-8729-A5E6EB656AA6}
	EndGlobalSection
EndGlobal
